// !$*UTF8*$!
{
	archiveVersion = 1;
	classes = {
	};
	objectVersion = 77;
	objects = {

/* Begin PBXBuildFile section */
		902BAEC42DAE9B2C002348F2 /* powernapv2 Watch App.app in Embed Watch Content */ = {isa = PBXBuildFile; fileRef = 902BAEC32DAE9B2C002348F2 /* powernapv2 Watch App.app */; settings = {ATTRIBUTES = (RemoveHeadersOnCopy, ); }; };
/* End PBXBuildFile section */

/* Begin PBXContainerItemProxy section */
		902BAEC52DAE9B2C002348F2 /* PBXContainerItemProxy */ = {
			isa = PBXContainerItemProxy;
			containerPortal = 902BAEB72DAE9B2C002348F2 /* Project object */;
			proxyType = 1;
			remoteGlobalIDString = 902BAEC22DAE9B2C002348F2;
			remoteInfo = "powernapv2 Watch App";
		};
		902BAED62DAE9B2E002348F2 /* PBXContainerItemProxy */ = {
			isa = PBXContainerItemProxy;
			containerPortal = 902BAEB72DAE9B2C002348F2 /* Project object */;
			proxyType = 1;
			remoteGlobalIDString = 902BAEC22DAE9B2C002348F2;
			remoteInfo = "powernapv2 Watch App";
		};
		902BAEE02DAE9B2E002348F2 /* PBXContainerItemProxy */ = {
			isa = PBXContainerItemProxy;
			containerPortal = 902BAEB72DAE9B2C002348F2 /* Project object */;
			proxyType = 1;
			remoteGlobalIDString = 902BAEC22DAE9B2C002348F2;
			remoteInfo = "powernapv2 Watch App";
		};
/* End PBXContainerItemProxy section */

/* Begin PBXCopyFilesBuildPhase section */
		902BAEEC2DAE9B2E002348F2 /* Embed Watch Content */ = {
			isa = PBXCopyFilesBuildPhase;
			buildActionMask = 2147483647;
			dstPath = "$(CONTENTS_FOLDER_PATH)/Watch";
			dstSubfolderSpec = 16;
			files = (
				902BAEC42DAE9B2C002348F2 /* powernapv2 Watch App.app in Embed Watch Content */,
			);
			name = "Embed Watch Content";
			runOnlyForDeploymentPostprocessing = 0;
		};
/* End PBXCopyFilesBuildPhase section */

/* Begin PBXFileReference section */
		902BAEBD2DAE9B2C002348F2 /* powernapv2.app */ = {isa = PBXFileReference; explicitFileType = wrapper.application; includeInIndex = 0; path = powernapv2.app; sourceTree = BUILT_PRODUCTS_DIR; };
		902BAEC32DAE9B2C002348F2 /* powernapv2 Watch App.app */ = {isa = PBXFileReference; explicitFileType = wrapper.application; includeInIndex = 0; path = "powernapv2 Watch App.app"; sourceTree = BUILT_PRODUCTS_DIR; };
		902BAED52DAE9B2E002348F2 /* powernapv2 Watch AppTests.xctest */ = {isa = PBXFileReference; explicitFileType = wrapper.cfbundle; includeInIndex = 0; path = "powernapv2 Watch AppTests.xctest"; sourceTree = BUILT_PRODUCTS_DIR; };
		902BAEDF2DAE9B2E002348F2 /* powernapv2 Watch AppUITests.xctest */ = {isa = PBXFileReference; explicitFileType = wrapper.cfbundle; includeInIndex = 0; path = "powernapv2 Watch AppUITests.xctest"; sourceTree = BUILT_PRODUCTS_DIR; };
/* End PBXFileReference section */

/* Begin PBXFileSystemSynchronizedRootGroup section */
		902BAEC72DAE9B2C002348F2 /* powernapv2 Watch App */ = {
			isa = PBXFileSystemSynchronizedRootGroup;
			path = "powernapv2 Watch App";
			sourceTree = "<group>";
		};
		902BAED82DAE9B2E002348F2 /* powernapv2 Watch AppTests */ = {
			isa = PBXFileSystemSynchronizedRootGroup;
			path = "powernapv2 Watch AppTests";
			sourceTree = "<group>";
		};
		902BAEE22DAE9B2E002348F2 /* powernapv2 Watch AppUITests */ = {
			isa = PBXFileSystemSynchronizedRootGroup;
			path = "powernapv2 Watch AppUITests";
			sourceTree = "<group>";
		};
/* End PBXFileSystemSynchronizedRootGroup section */

/* Begin PBXFrameworksBuildPhase section */
		902BAEC02DAE9B2C002348F2 /* Frameworks */ = {
			isa = PBXFrameworksBuildPhase;
			buildActionMask = 2147483647;
			files = (
			);
			runOnlyForDeploymentPostprocessing = 0;
		};
		902BAED22DAE9B2E002348F2 /* Frameworks */ = {
			isa = PBXFrameworksBuildPhase;
			buildActionMask = 2147483647;
			files = (
			);
			runOnlyForDeploymentPostprocessing = 0;
		};
		902BAEDC2DAE9B2E002348F2 /* Frameworks */ = {
			isa = PBXFrameworksBuildPhase;
			buildActionMask = 2147483647;
			files = (
			);
			runOnlyForDeploymentPostprocessing = 0;
		};
/* End PBXFrameworksBuildPhase section */

/* Begin PBXGroup section */
		902BAEB62DAE9B2C002348F2 = {
			isa = PBXGroup;
			children = (
				902BAEC72DAE9B2C002348F2 /* powernapv2 Watch App */,
				902BAED82DAE9B2E002348F2 /* powernapv2 Watch AppTests */,
				902BAEE22DAE9B2E002348F2 /* powernapv2 Watch AppUITests */,
				902BAEBE2DAE9B2C002348F2 /* Products */,
			);
			sourceTree = "<group>";
		};
		902BAEBE2DAE9B2C002348F2 /* Products */ = {
			isa = PBXGroup;
			children = (
				902BAEBD2DAE9B2C002348F2 /* powernapv2.app */,
				902BAEC32DAE9B2C002348F2 /* powernapv2 Watch App.app */,
				902BAED52DAE9B2E002348F2 /* powernapv2 Watch AppTests.xctest */,
				902BAEDF2DAE9B2E002348F2 /* powernapv2 Watch AppUITests.xctest */,
			);
			name = Products;
			sourceTree = "<group>";
		};
/* End PBXGroup section */

/* Begin PBXNativeTarget section */
		902BAEBC2DAE9B2C002348F2 /* powernapv2 */ = {
			isa = PBXNativeTarget;
			buildConfigurationList = 902BAEED2DAE9B2E002348F2 /* Build configuration list for PBXNativeTarget "powernapv2" */;
			buildPhases = (
				902BAEBB2DAE9B2C002348F2 /* Resources */,
				902BAEEC2DAE9B2E002348F2 /* Embed Watch Content */,
			);
			buildRules = (
			);
			dependencies = (
				902BAEC62DAE9B2C002348F2 /* PBXTargetDependency */,
			);
			name = powernapv2;
			packageProductDependencies = (
			);
			productName = powernapv2;
			productReference = 902BAEBD2DAE9B2C002348F2 /* powernapv2.app */;
			productType = "com.apple.product-type.application.watchapp2-container";
		};
		902BAEC22DAE9B2C002348F2 /* powernapv2 Watch App */ = {
			isa = PBXNativeTarget;
			buildConfigurationList = 902BAEE92DAE9B2E002348F2 /* Build configuration list for PBXNativeTarget "powernapv2 Watch App" */;
			buildPhases = (
				902BAEBF2DAE9B2C002348F2 /* Sources */,
				902BAEC02DAE9B2C002348F2 /* Frameworks */,
				902BAEC12DAE9B2C002348F2 /* Resources */,
			);
			buildRules = (
			);
			dependencies = (
			);
			fileSystemSynchronizedGroups = (
				902BAEC72DAE9B2C002348F2 /* powernapv2 Watch App */,
			);
			name = "powernapv2 Watch App";
			packageProductDependencies = (
			);
			productName = "powernapv2 Watch App";
			productReference = 902BAEC32DAE9B2C002348F2 /* powernapv2 Watch App.app */;
			productType = "com.apple.product-type.application";
		};
		902BAED42DAE9B2E002348F2 /* powernapv2 Watch AppTests */ = {
			isa = PBXNativeTarget;
			buildConfigurationList = 902BAEF02DAE9B2E002348F2 /* Build configuration list for PBXNativeTarget "powernapv2 Watch AppTests" */;
			buildPhases = (
				902BAED12DAE9B2E002348F2 /* Sources */,
				902BAED22DAE9B2E002348F2 /* Frameworks */,
				902BAED32DAE9B2E002348F2 /* Resources */,
			);
			buildRules = (
			);
			dependencies = (
				902BAED72DAE9B2E002348F2 /* PBXTargetDependency */,
			);
			fileSystemSynchronizedGroups = (
				902BAED82DAE9B2E002348F2 /* powernapv2 Watch AppTests */,
			);
			name = "powernapv2 Watch AppTests";
			packageProductDependencies = (
			);
			productName = "powernapv2 Watch AppTests";
			productReference = 902BAED52DAE9B2E002348F2 /* powernapv2 Watch AppTests.xctest */;
			productType = "com.apple.product-type.bundle.unit-test";
		};
		902BAEDE2DAE9B2E002348F2 /* powernapv2 Watch AppUITests */ = {
			isa = PBXNativeTarget;
			buildConfigurationList = 902BAEF32DAE9B2E002348F2 /* Build configuration list for PBXNativeTarget "powernapv2 Watch AppUITests" */;
			buildPhases = (
				902BAEDB2DAE9B2E002348F2 /* Sources */,
				902BAEDC2DAE9B2E002348F2 /* Frameworks */,
				902BAEDD2DAE9B2E002348F2 /* Resources */,
			);
			buildRules = (
			);
			dependencies = (
				902BAEE12DAE9B2E002348F2 /* PBXTargetDependency */,
			);
			fileSystemSynchronizedGroups = (
				902BAEE22DAE9B2E002348F2 /* powernapv2 Watch AppUITests */,
			);
			name = "powernapv2 Watch AppUITests";
			packageProductDependencies = (
			);
			productName = "powernapv2 Watch AppUITests";
			productReference = 902BAEDF2DAE9B2E002348F2 /* powernapv2 Watch AppUITests.xctest */;
			productType = "com.apple.product-type.bundle.ui-testing";
		};
/* End PBXNativeTarget section */

/* Begin PBXProject section */
		902BAEB72DAE9B2C002348F2 /* Project object */ = {
			isa = PBXProject;
			attributes = {
				BuildIndependentTargetsInParallel = 1;
				LastSwiftUpdateCheck = 1620;
				LastUpgradeCheck = 1620;
				TargetAttributes = {
					902BAEBC2DAE9B2C002348F2 = {
						CreatedOnToolsVersion = 16.2;
					};
					902BAEC22DAE9B2C002348F2 = {
						CreatedOnToolsVersion = 16.2;
					};
					902BAED42DAE9B2E002348F2 = {
						CreatedOnToolsVersion = 16.2;
						TestTargetID = 902BAEC22DAE9B2C002348F2;
					};
					902BAEDE2DAE9B2E002348F2 = {
						CreatedOnToolsVersion = 16.2;
						TestTargetID = 902BAEC22DAE9B2C002348F2;
					};
				};
			};
			buildConfigurationList = 902BAEBA2DAE9B2C002348F2 /* Build configuration list for PBXProject "powernapv2" */;
			developmentRegion = en;
			hasScannedForEncodings = 0;
			knownRegions = (
				en,
				Base,
			);
			mainGroup = 902BAEB62DAE9B2C002348F2;
			minimizedProjectReferenceProxies = 1;
			preferredProjectObjectVersion = 77;
			productRefGroup = 902BAEBE2DAE9B2C002348F2 /* Products */;
			projectDirPath = "";
			projectRoot = "";
			targets = (
				902BAEBC2DAE9B2C002348F2 /* powernapv2 */,
				902BAEC22DAE9B2C002348F2 /* powernapv2 Watch App */,
				902BAED42DAE9B2E002348F2 /* powernapv2 Watch AppTests */,
				902BAEDE2DAE9B2E002348F2 /* powernapv2 Watch AppUITests */,
			);
		};
/* End PBXProject section */

/* Begin PBXResourcesBuildPhase section */
		902BAEBB2DAE9B2C002348F2 /* Resources */ = {
			isa = PBXResourcesBuildPhase;
			buildActionMask = 2147483647;
			files = (
			);
			runOnlyForDeploymentPostprocessing = 0;
		};
		902BAEC12DAE9B2C002348F2 /* Resources */ = {
			isa = PBXResourcesBuildPhase;
			buildActionMask = 2147483647;
			files = (
			);
			runOnlyForDeploymentPostprocessing = 0;
		};
		902BAED32DAE9B2E002348F2 /* Resources */ = {
			isa = PBXResourcesBuildPhase;
			buildActionMask = 2147483647;
			files = (
			);
			runOnlyForDeploymentPostprocessing = 0;
		};
		902BAEDD2DAE9B2E002348F2 /* Resources */ = {
			isa = PBXResourcesBuildPhase;
			buildActionMask = 2147483647;
			files = (
			);
			runOnlyForDeploymentPostprocessing = 0;
		};
/* End PBXResourcesBuildPhase section */

/* Begin PBXSourcesBuildPhase section */
		902BAEBF2DAE9B2C002348F2 /* Sources */ = {
			isa = PBXSourcesBuildPhase;
			buildActionMask = 2147483647;
			files = (
			);
			runOnlyForDeploymentPostprocessing = 0;
		};
		902BAED12DAE9B2E002348F2 /* Sources */ = {
			isa = PBXSourcesBuildPhase;
			buildActionMask = 2147483647;
			files = (
			);
			runOnlyForDeploymentPostprocessing = 0;
		};
		902BAEDB2DAE9B2E002348F2 /* Sources */ = {
			isa = PBXSourcesBuildPhase;
			buildActionMask = 2147483647;
			files = (
			);
			runOnlyForDeploymentPostprocessing = 0;
		};
/* End PBXSourcesBuildPhase section */

/* Begin PBXTargetDependency section */
		902BAEC62DAE9B2C002348F2 /* PBXTargetDependency */ = {
			isa = PBXTargetDependency;
			target = 902BAEC22DAE9B2C002348F2 /* powernapv2 Watch App */;
			targetProxy = 902BAEC52DAE9B2C002348F2 /* PBXContainerItemProxy */;
		};
		902BAED72DAE9B2E002348F2 /* PBXTargetDependency */ = {
			isa = PBXTargetDependency;
			target = 902BAEC22DAE9B2C002348F2 /* powernapv2 Watch App */;
			targetProxy = 902BAED62DAE9B2E002348F2 /* PBXContainerItemProxy */;
		};
		902BAEE12DAE9B2E002348F2 /* PBXTargetDependency */ = {
			isa = PBXTargetDependency;
			target = 902BAEC22DAE9B2C002348F2 /* powernapv2 Watch App */;
			targetProxy = 902BAEE02DAE9B2E002348F2 /* PBXContainerItemProxy */;
		};
/* End PBXTargetDependency section */

/* Begin XCBuildConfiguration section */
		902BAEE72DAE9B2E002348F2 /* Debug */ = {
			isa = XCBuildConfiguration;
			buildSettings = {
				ALWAYS_SEARCH_USER_PATHS = NO;
				ASSETCATALOG_COMPILER_GENERATE_SWIFT_ASSET_SYMBOL_EXTENSIONS = YES;
				CLANG_ANALYZER_NONNULL = YES;
				CLANG_ANALYZER_NUMBER_OBJECT_CONVERSION = YES_AGGRESSIVE;
				CLANG_CXX_LANGUAGE_STANDARD = "gnu++20";
				CLANG_ENABLE_MODULES = YES;
				CLANG_ENABLE_OBJC_ARC = YES;
				CLANG_ENABLE_OBJC_WEAK = YES;
				CLANG_WARN_BLOCK_CAPTURE_AUTORELEASING = YES;
				CLANG_WARN_BOOL_CONVERSION = YES;
				CLANG_WARN_COMMA = YES;
				CLANG_WARN_CONSTANT_CONVERSION = YES;
				CLANG_WARN_DEPRECATED_OBJC_IMPLEMENTATIONS = YES;
				CLANG_WARN_DIRECT_OBJC_ISA_USAGE = YES_ERROR;
				CLANG_WARN_DOCUMENTATION_COMMENTS = YES;
				CLANG_WARN_EMPTY_BODY = YES;
				CLANG_WARN_ENUM_CONVERSION = YES;
				CLANG_WARN_INFINITE_RECURSION = YES;
				CLANG_WARN_INT_CONVERSION = YES;
				CLANG_WARN_NON_LITERAL_NULL_CONVERSION = YES;
				CLANG_WARN_OBJC_IMPLICIT_RETAIN_SELF = YES;
				CLANG_WARN_OBJC_LITERAL_CONVERSION = YES;
				CLANG_WARN_OBJC_ROOT_CLASS = YES_ERROR;
				CLANG_WARN_QUOTED_INCLUDE_IN_FRAMEWORK_HEADER = YES;
				CLANG_WARN_RANGE_LOOP_ANALYSIS = YES;
				CLANG_WARN_STRICT_PROTOTYPES = YES;
				CLANG_WARN_SUSPICIOUS_MOVE = YES;
				CLANG_WARN_UNGUARDED_AVAILABILITY = YES_AGGRESSIVE;
				CLANG_WARN_UNREACHABLE_CODE = YES;
				CLANG_WARN__DUPLICATE_METHOD_MATCH = YES;
				COPY_PHASE_STRIP = NO;
				DEBUG_INFORMATION_FORMAT = dwarf;
				ENABLE_STRICT_OBJC_MSGSEND = YES;
				ENABLE_TESTABILITY = YES;
				ENABLE_USER_SCRIPT_SANDBOXING = YES;
				GCC_C_LANGUAGE_STANDARD = gnu17;
				GCC_DYNAMIC_NO_PIC = NO;
				GCC_NO_COMMON_BLOCKS = YES;
				GCC_OPTIMIZATION_LEVEL = 0;
				GCC_PREPROCESSOR_DEFINITIONS = (
					"DEBUG=1",
					"$(inherited)",
				);
				GCC_WARN_64_TO_32_BIT_CONVERSION = YES;
				GCC_WARN_ABOUT_RETURN_TYPE = YES_ERROR;
				GCC_WARN_UNDECLARED_SELECTOR = YES;
				GCC_WARN_UNINITIALIZED_AUTOS = YES_AGGRESSIVE;
				GCC_WARN_UNUSED_FUNCTION = YES;
				GCC_WARN_UNUSED_VARIABLE = YES;
				LOCALIZATION_PREFERS_STRING_CATALOGS = YES;
				MTL_ENABLE_DEBUG_INFO = INCLUDE_SOURCE;
				MTL_FAST_MATH = YES;
				ONLY_ACTIVE_ARCH = YES;
				SWIFT_ACTIVE_COMPILATION_CONDITIONS = "DEBUG $(inherited)";
				SWIFT_OPTIMIZATION_LEVEL = "-Onone";
			};
			name = Debug;
		};
		902BAEE82DAE9B2E002348F2 /* Release */ = {
			isa = XCBuildConfiguration;
			buildSettings = {
				ALWAYS_SEARCH_USER_PATHS = NO;
				ASSETCATALOG_COMPILER_GENERATE_SWIFT_ASSET_SYMBOL_EXTENSIONS = YES;
				CLANG_ANALYZER_NONNULL = YES;
				CLANG_ANALYZER_NUMBER_OBJECT_CONVERSION = YES_AGGRESSIVE;
				CLANG_CXX_LANGUAGE_STANDARD = "gnu++20";
				CLANG_ENABLE_MODULES = YES;
				CLANG_ENABLE_OBJC_ARC = YES;
				CLANG_ENABLE_OBJC_WEAK = YES;
				CLANG_WARN_BLOCK_CAPTURE_AUTORELEASING = YES;
				CLANG_WARN_BOOL_CONVERSION = YES;
				CLANG_WARN_COMMA = YES;
				CLANG_WARN_CONSTANT_CONVERSION = YES;
				CLANG_WARN_DEPRECATED_OBJC_IMPLEMENTATIONS = YES;
				CLANG_WARN_DIRECT_OBJC_ISA_USAGE = YES_ERROR;
				CLANG_WARN_DOCUMENTATION_COMMENTS = YES;
				CLANG_WARN_EMPTY_BODY = YES;
				CLANG_WARN_ENUM_CONVERSION = YES;
				CLANG_WARN_INFINITE_RECURSION = YES;
				CLANG_WARN_INT_CONVERSION = YES;
				CLANG_WARN_NON_LITERAL_NULL_CONVERSION = YES;
				CLANG_WARN_OBJC_IMPLICIT_RETAIN_SELF = YES;
				CLANG_WARN_OBJC_LITERAL_CONVERSION = YES;
				CLANG_WARN_OBJC_ROOT_CLASS = YES_ERROR;
				CLANG_WARN_QUOTED_INCLUDE_IN_FRAMEWORK_HEADER = YES;
				CLANG_WARN_RANGE_LOOP_ANALYSIS = YES;
				CLANG_WARN_STRICT_PROTOTYPES = YES;
				CLANG_WARN_SUSPICIOUS_MOVE = YES;
				CLANG_WARN_UNGUARDED_AVAILABILITY = YES_AGGRESSIVE;
				CLANG_WARN_UNREACHABLE_CODE = YES;
				CLANG_WARN__DUPLICATE_METHOD_MATCH = YES;
				COPY_PHASE_STRIP = NO;
				DEBUG_INFORMATION_FORMAT = "dwarf-with-dsym";
				ENABLE_NS_ASSERTIONS = NO;
				ENABLE_STRICT_OBJC_MSGSEND = YES;
				ENABLE_USER_SCRIPT_SANDBOXING = YES;
				GCC_C_LANGUAGE_STANDARD = gnu17;
				GCC_NO_COMMON_BLOCKS = YES;
				GCC_WARN_64_TO_32_BIT_CONVERSION = YES;
				GCC_WARN_ABOUT_RETURN_TYPE = YES_ERROR;
				GCC_WARN_UNDECLARED_SELECTOR = YES;
				GCC_WARN_UNINITIALIZED_AUTOS = YES_AGGRESSIVE;
				GCC_WARN_UNUSED_FUNCTION = YES;
				GCC_WARN_UNUSED_VARIABLE = YES;
				LOCALIZATION_PREFERS_STRING_CATALOGS = YES;
				MTL_ENABLE_DEBUG_INFO = NO;
				MTL_FAST_MATH = YES;
				SWIFT_COMPILATION_MODE = wholemodule;
			};
			name = Release;
		};
		902BAEEA2DAE9B2E002348F2 /* Debug */ = {
			isa = XCBuildConfiguration;
			buildSettings = {
				ASSETCATALOG_COMPILER_APPICON_NAME = AppIcon;
				ASSETCATALOG_COMPILER_GLOBAL_ACCENT_COLOR_NAME = AccentColor;
				CODE_SIGN_STYLE = Automatic;
				CURRENT_PROJECT_VERSION = 1;
				DEVELOPMENT_ASSET_PATHS = "\"powernapv2 Watch App/Preview Content\"";
				DEVELOPMENT_TEAM = 8BG6CPVQP5;
				ENABLE_PREVIEWS = YES;
				GENERATE_INFOPLIST_FILE = YES;
				INFOPLIST_KEY_CFBundleDisplayName = powernapv2;
				INFOPLIST_KEY_UISupportedInterfaceOrientations = "UIInterfaceOrientationPortrait UIInterfaceOrientationPortraitUpsideDown";
				INFOPLIST_KEY_WKWatchOnly = YES;
				LD_RUNPATH_SEARCH_PATHS = (
					"$(inherited)",
					"@executable_path/Frameworks",
				);
				MARKETING_VERSION = 1.0;
				PRODUCT_BUNDLE_IDENTIFIER = com.michaellee.powernapv2.watchkitapp;
				PRODUCT_NAME = "$(TARGET_NAME)";
				SDKROOT = watchos;
				SKIP_INSTALL = YES;
				SWIFT_EMIT_LOC_STRINGS = YES;
				SWIFT_VERSION = 5.0;
				TARGETED_DEVICE_FAMILY = 4;
				WATCHOS_DEPLOYMENT_TARGET = 11.2;
			};
			name = Debug;
		};
		902BAEEB2DAE9B2E002348F2 /* Release */ = {
			isa = XCBuildConfiguration;
			buildSettings = {
				ASSETCATALOG_COMPILER_APPICON_NAME = AppIcon;
				ASSETCATALOG_COMPILER_GLOBAL_ACCENT_COLOR_NAME = AccentColor;
				CODE_SIGN_STYLE = Automatic;
				CURRENT_PROJECT_VERSION = 1;
				DEVELOPMENT_ASSET_PATHS = "\"powernapv2 Watch App/Preview Content\"";
				DEVELOPMENT_TEAM = 8BG6CPVQP5;
				ENABLE_PREVIEWS = YES;
				GENERATE_INFOPLIST_FILE = YES;
				INFOPLIST_KEY_CFBundleDisplayName = powernapv2;
				INFOPLIST_KEY_UISupportedInterfaceOrientations = "UIInterfaceOrientationPortrait UIInterfaceOrientationPortraitUpsideDown";
				INFOPLIST_KEY_WKWatchOnly = YES;
				LD_RUNPATH_SEARCH_PATHS = (
					"$(inherited)",
					"@executable_path/Frameworks",
				);
				MARKETING_VERSION = 1.0;
				PRODUCT_BUNDLE_IDENTIFIER = com.michaellee.powernapv2.watchkitapp;
				PRODUCT_NAME = "$(TARGET_NAME)";
				SDKROOT = watchos;
				SKIP_INSTALL = YES;
				SWIFT_EMIT_LOC_STRINGS = YES;
				SWIFT_VERSION = 5.0;
				TARGETED_DEVICE_FAMILY = 4;
				VALIDATE_PRODUCT = YES;
				WATCHOS_DEPLOYMENT_TARGET = 11.2;
			};
			name = Release;
		};
		902BAEEE2DAE9B2E002348F2 /* Debug */ = {
			isa = XCBuildConfiguration;
			buildSettings = {
				CODE_SIGN_STYLE = Automatic;
				CURRENT_PROJECT_VERSION = 1;
				DEVELOPMENT_TEAM = 8BG6CPVQP5;
				INFOPLIST_KEY_CFBundleDisplayName = powernapv2;
				MARKETING_VERSION = 1.0;
				PRODUCT_BUNDLE_IDENTIFIER = com.michaellee.powernapv2;
				PRODUCT_NAME = "$(TARGET_NAME)";
				SDKROOT = iphoneos;
				SWIFT_VERSION = 5.0;
			};
			name = Debug;
		};
		902BAEEF2DAE9B2E002348F2 /* Release */ = {
			isa = XCBuildConfiguration;
			buildSettings = {
				CODE_SIGN_STYLE = Automatic;
				CURRENT_PROJECT_VERSION = 1;
				DEVELOPMENT_TEAM = 8BG6CPVQP5;
				INFOPLIST_KEY_CFBundleDisplayName = powernapv2;
				MARKETING_VERSION = 1.0;
				PRODUCT_BUNDLE_IDENTIFIER = com.michaellee.powernapv2;
				PRODUCT_NAME = "$(TARGET_NAME)";
				SDKROOT = iphoneos;
				SWIFT_VERSION = 5.0;
				VALIDATE_PRODUCT = YES;
			};
			name = Release;
		};
		902BAEF12DAE9B2E002348F2 /* Debug */ = {
			isa = XCBuildConfiguration;
			buildSettings = {
				BUNDLE_LOADER = "$(TEST_HOST)";
				CODE_SIGN_STYLE = Automatic;
				CURRENT_PROJECT_VERSION = 1;
				DEVELOPMENT_TEAM = 8BG6CPVQP5;
				GENERATE_INFOPLIST_FILE = YES;
				MARKETING_VERSION = 1.0;
				PRODUCT_BUNDLE_IDENTIFIER = "com.michaellee.powernapv2-Watch-AppTests";
				PRODUCT_NAME = "$(TARGET_NAME)";
				SDKROOT = watchos;
				SWIFT_EMIT_LOC_STRINGS = NO;
				SWIFT_VERSION = 5.0;
				TARGETED_DEVICE_FAMILY = 4;
				TEST_HOST = "$(BUILT_PRODUCTS_DIR)/powernapv2 Watch App.app/$(BUNDLE_EXECUTABLE_FOLDER_PATH)/powernapv2 Watch App";
				WATCHOS_DEPLOYMENT_TARGET = 11.2;
			};
			name = Debug;
		};
		902BAEF22DAE9B2E002348F2 /* Release */ = {
			isa = XCBuildConfiguration;
			buildSettings = {
				BUNDLE_LOADER = "$(TEST_HOST)";
				CODE_SIGN_STYLE = Automatic;
				CURRENT_PROJECT_VERSION = 1;
				DEVELOPMENT_TEAM = 8BG6CPVQP5;
				GENERATE_INFOPLIST_FILE = YES;
				MARKETING_VERSION = 1.0;
				PRODUCT_BUNDLE_IDENTIFIER = "com.michaellee.powernapv2-Watch-AppTests";
				PRODUCT_NAME = "$(TARGET_NAME)";
				SDKROOT = watchos;
				SWIFT_EMIT_LOC_STRINGS = NO;
				SWIFT_VERSION = 5.0;
				TARGETED_DEVICE_FAMILY = 4;
				TEST_HOST = "$(BUILT_PRODUCTS_DIR)/powernapv2 Watch App.app/$(BUNDLE_EXECUTABLE_FOLDER_PATH)/powernapv2 Watch App";
				VALIDATE_PRODUCT = YES;
				WATCHOS_DEPLOYMENT_TARGET = 11.2;
			};
			name = Release;
		};
		902BAEF42DAE9B2E002348F2 /* Debug */ = {
			isa = XCBuildConfiguration;
			buildSettings = {
				CODE_SIGN_STYLE = Automatic;
				CURRENT_PROJECT_VERSION = 1;
				DEVELOPMENT_TEAM = 8BG6CPVQP5;
				GENERATE_INFOPLIST_FILE = YES;
				MARKETING_VERSION = 1.0;
				PRODUCT_BUNDLE_IDENTIFIER = "com.michaellee.powernapv2-Watch-AppUITests";
				PRODUCT_NAME = "$(TARGET_NAME)";
				SDKROOT = watchos;
				SWIFT_EMIT_LOC_STRINGS = NO;
				SWIFT_VERSION = 5.0;
				TARGETED_DEVICE_FAMILY = 4;
				TEST_TARGET_NAME = "powernapv2 Watch App";
				WATCHOS_DEPLOYMENT_TARGET = 11.2;
			};
			name = Debug;
		};
		902BAEF52DAE9B2E002348F2 /* Release */ = {
			isa = XCBuildConfiguration;
			buildSettings = {
				CODE_SIGN_STYLE = Automatic;
				CURRENT_PROJECT_VERSION = 1;
				DEVELOPMENT_TEAM = 8BG6CPVQP5;
				GENERATE_INFOPLIST_FILE = YES;
				MARKETING_VERSION = 1.0;
				PRODUCT_BUNDLE_IDENTIFIER = "com.michaellee.powernapv2-Watch-AppUITests";
				PRODUCT_NAME = "$(TARGET_NAME)";
				SDKROOT = watchos;
				SWIFT_EMIT_LOC_STRINGS = NO;
				SWIFT_VERSION = 5.0;
				TARGETED_DEVICE_FAMILY = 4;
				TEST_TARGET_NAME = "powernapv2 Watch App";
				VALIDATE_PRODUCT = YES;
				WATCHOS_DEPLOYMENT_TARGET = 11.2;
			};
			name = Release;
		};
/* End XCBuildConfiguration section */

/* Begin XCConfigurationList section */
		902BAEBA2DAE9B2C002348F2 /* Build configuration list for PBXProject "powernapv2" */ = {
			isa = XCConfigurationList;
			buildConfigurations = (
				902BAEE72DAE9B2E002348F2 /* Debug */,
				902BAEE82DAE9B2E002348F2 /* Release */,
			);
			defaultConfigurationIsVisible = 0;
			defaultConfigurationName = Release;
		};
		902BAEE92DAE9B2E002348F2 /* Build configuration list for PBXNativeTarget "powernapv2 Watch App" */ = {
			isa = XCConfigurationList;
			buildConfigurations = (
				902BAEEA2DAE9B2E002348F2 /* Debug */,
				902BAEEB2DAE9B2E002348F2 /* Release */,
			);
			defaultConfigurationIsVisible = 0;
			defaultConfigurationName = Release;
		};
		902BAEED2DAE9B2E002348F2 /* Build configuration list for PBXNativeTarget "powernapv2" */ = {
			isa = XCConfigurationList;
			buildConfigurations = (
				902BAEEE2DAE9B2E002348F2 /* Debug */,
				902BAEEF2DAE9B2E002348F2 /* Release */,
			);
			defaultConfigurationIsVisible = 0;
			defaultConfigurationName = Release;
		};
		902BAEF02DAE9B2E002348F2 /* Build configuration list for PBXNativeTarget "powernapv2 Watch AppTests" */ = {
			isa = XCConfigurationList;
			buildConfigurations = (
				902BAEF12DAE9B2E002348F2 /* Debug */,
				902BAEF22DAE9B2E002348F2 /* Release */,
			);
			defaultConfigurationIsVisible = 0;
			defaultConfigurationName = Release;
		};
		902BAEF32DAE9B2E002348F2 /* Build configuration list for PBXNativeTarget "powernapv2 Watch AppUITests" */ = {
			isa = XCConfigurationList;
			buildConfigurations = (
				902BAEF42DAE9B2E002348F2 /* Debug */,
				902BAEF52DAE9B2E002348F2 /* Release */,
			);
			defaultConfigurationIsVisible = 0;
			defaultConfigurationName = Release;
		};
/* End XCConfigurationList section */
	};
	rootObject = 902BAEB72DAE9B2C002348F2 /* Project object */;
}
